
Microsoft Visual Studio Solution File, Format Version 12.00
# Visual Studio Version 17
VisualStudioVersion = 17.6.33829.357
MinimumVisualStudioVersion = 10.0.40219.1
Project("{9A19103F-16F7-4668-BE54-9A1E7A4F7556}") = "MindboxLibrary", "MindboxLibrary.csproj", "{51E85B63-BEF8-4A40-9DA2-93411655CE23}"
EndProject
Project("{9A19103F-16F7-4668-BE54-9A1E7A4F7556}") = "Tests", "..\Tests\Tests.csproj", "{87A424A8-9623-4DE9-9A0A-96C0386FFFF9}"
EndProject
Project("{2150E333-8FDC-42A3-9474-1A3956D46DE8}") = "Sql", "Sql", "{2CEA5507-92C2-4624-BF84-383CAA2449B8}"
	ProjectSection(SolutionItems) = preProject
		SqlQuery.sql = SqlQuery.sql
	EndProjectSection
EndProject
Global
	GlobalSection(SolutionConfigurationPlatforms) = preSolution
		Debug|Any CPU = Debug|Any CPU
		Release|Any CPU = Release|Any CPU
	EndGlobalSection
	GlobalSection(ProjectConfigurationPlatforms) = postSolution
		{51E85B63-BEF8-4A40-9DA2-93411655CE23}.Debug|Any CPU.ActiveCfg = Debug|Any CPU
		{51E85B63-BEF8-4A40-9DA2-93411655CE23}.Debug|Any CPU.Build.0 = Debug|Any CPU
		{51E85B63-BEF8-4A40-9DA2-93411655CE23}.Release|Any CPU.ActiveCfg = Release|Any CPU
		{51E85B63-BEF8-4A40-9DA2-93411655CE23}.Release|Any CPU.Build.0 = Release|Any CPU
		{87A424A8-9623-4DE9-9A0A-96C0386FFFF9}.Debug|Any CPU.ActiveCfg = Debug|Any CPU
		{87A424A8-9623-4DE9-9A0A-96C0386FFFF9}.Debug|Any CPU.Build.0 = Debug|Any CPU
		{87A424A8-9623-4DE9-9A0A-96C0386FFFF9}.Release|Any CPU.ActiveCfg = Release|Any CPU
		{87A424A8-9623-4DE9-9A0A-96C0386FFFF9}.Release|Any CPU.Build.0 = Release|Any CPU
	EndGlobalSection
	GlobalSection(SolutionProperties) = preSolution
		HideSolutionNode = FALSE
	EndGlobalSection
	GlobalSection(ExtensibilityGlobals) = postSolution
		SolutionGuid = {0AD3961E-46AF-4EA7-B1D3-0F405C337B50}
	EndGlobalSection
EndGlobal
